
Microsoft Visual Studio Solution File, Format Version 12.00
# Visual Studio 15
VisualStudioVersion = 15.0.28307.1062
MinimumVisualStudioVersion = 10.0.40219.1
Project("{FAE04EC0-301F-11D3-BF4B-00C04F79EFBC}") = "fileReader", "fileReader.csproj", "{78C1751C-4FE0-4724-B148-BFE3917DEC14}"
EndProject
Global
	GlobalSection(SolutionConfigurationPlatforms) = preSolution
		Debug|Any CPU = Debug|Any CPU
		Release|Any CPU = Release|Any CPU
	EndGlobalSection
	GlobalSection(ProjectConfigurationPlatforms) = postSolution
		{78C1751C-4FE0-4724-B148-BFE3917DEC14}.Debug|Any CPU.ActiveCfg = Debug|Any CPU
		{78C1751C-4FE0-4724-B148-BFE3917DEC14}.Debug|Any CPU.Build.0 = Debug|Any CPU
		{78C1751C-4FE0-4724-B148-BFE3917DEC14}.Release|Any CPU.ActiveCfg = Release|Any CPU
		{78C1751C-4FE0-4724-B148-BFE3917DEC14}.Release|Any CPU.Build.0 = Release|Any CPU
	EndGlobalSection
	GlobalSection(SolutionProperties) = preSolution
		HideSolutionNode = FALSE
	EndGlobalSection
	GlobalSection(ExtensibilityGlobals) = postSolution
		SolutionGuid = {D39AA8F7-CEDD-4E16-949E-BC790344B9F5}
	EndGlobalSection
EndGlobal
